// !$*UTF8*$!
{
	archiveVersion = 1;
	classes = {
	};
	objectVersion = 50;
	objects = {

/* Begin PBXBuildFile section */
		F377D16223CF7F3F00C45E9C /* AppDelegate.swift in Sources */ = {isa = PBXBuildFile; fileRef = F377D16123CF7F3F00C45E9C /* AppDelegate.swift */; };
		F377D16423CF7F3F00C45E9C /* SceneDelegate.swift in Sources */ = {isa = PBXBuildFile; fileRef = F377D16323CF7F3F00C45E9C /* SceneDelegate.swift */; };
		F377D16623CF7F3F00C45E9C /* ViewController.swift in Sources */ = {isa = PBXBuildFile; fileRef = F377D16523CF7F3F00C45E9C /* ViewController.swift */; };
		F377D16923CF7F3F00C45E9C /* Main.storyboard in Resources */ = {isa = PBXBuildFile; fileRef = F377D16723CF7F3F00C45E9C /* Main.storyboard */; };
		F377D16B23CF7F4100C45E9C /* Assets.xcassets in Resources */ = {isa = PBXBuildFile; fileRef = F377D16A23CF7F4100C45E9C /* Assets.xcassets */; };
		F377D16E23CF7F4100C45E9C /* LaunchScreen.storyboard in Resources */ = {isa = PBXBuildFile; fileRef = F377D16C23CF7F4100C45E9C /* LaunchScreen.storyboard */; };
		F377D17B23CF8FBD00C45E9C /* EndPointType.swift in Sources */ = {isa = PBXBuildFile; fileRef = F377D17A23CF8FBD00C45E9C /* EndPointType.swift */; };
		F377D17D23CF903900C45E9C /* HTTPMethod.swift in Sources */ = {isa = PBXBuildFile; fileRef = F377D17C23CF903900C45E9C /* HTTPMethod.swift */; };
		F377D17F23CF913A00C45E9C /* HTTPTask.swift in Sources */ = {isa = PBXBuildFile; fileRef = F377D17E23CF913A00C45E9C /* HTTPTask.swift */; };
		F377D18123CF92C000C45E9C /* ParameterEncoding.swift in Sources */ = {isa = PBXBuildFile; fileRef = F377D18023CF92C000C45E9C /* ParameterEncoding.swift */; };
		F377D18323CF953400C45E9C /* URLParameterEncoder.swift in Sources */ = {isa = PBXBuildFile; fileRef = F377D18223CF953400C45E9C /* URLParameterEncoder.swift */; };
		F377D18523CF98CF00C45E9C /* JSONParameterEncoder.swift in Sources */ = {isa = PBXBuildFile; fileRef = F377D18423CF98CF00C45E9C /* JSONParameterEncoder.swift */; };
		F377D18723CF9A1A00C45E9C /* NetworkRouter.swift in Sources */ = {isa = PBXBuildFile; fileRef = F377D18623CF9A1A00C45E9C /* NetworkRouter.swift */; };
		F377D18923CF9F2200C45E9C /* Router.swift in Sources */ = {isa = PBXBuildFile; fileRef = F377D18823CF9F2200C45E9C /* Router.swift */; };
		F377D18B23CFAAB900C45E9C /* FruitEndPoint.swift in Sources */ = {isa = PBXBuildFile; fileRef = F377D18A23CFAAB900C45E9C /* FruitEndPoint.swift */; };
		F377D18D23CFAD3B00C45E9C /* NetworkManager.swift in Sources */ = {isa = PBXBuildFile; fileRef = F377D18C23CFAD3B00C45E9C /* NetworkManager.swift */; };
		F377D19023CFB93B00C45E9C /* Fruit.swift in Sources */ = {isa = PBXBuildFile; fileRef = F377D18F23CFB93B00C45E9C /* Fruit.swift */; };
/* End PBXBuildFile section */

/* Begin PBXFileReference section */
		F377D15E23CF7F3F00C45E9C /* MyFruitsDiary.app */ = {isa = PBXFileReference; explicitFileType = wrapper.application; includeInIndex = 0; path = MyFruitsDiary.app; sourceTree = BUILT_PRODUCTS_DIR; };
		F377D16123CF7F3F00C45E9C /* AppDelegate.swift */ = {isa = PBXFileReference; lastKnownFileType = sourcecode.swift; path = AppDelegate.swift; sourceTree = "<group>"; };
		F377D16323CF7F3F00C45E9C /* SceneDelegate.swift */ = {isa = PBXFileReference; lastKnownFileType = sourcecode.swift; path = SceneDelegate.swift; sourceTree = "<group>"; };
		F377D16523CF7F3F00C45E9C /* ViewController.swift */ = {isa = PBXFileReference; lastKnownFileType = sourcecode.swift; path = ViewController.swift; sourceTree = "<group>"; };
		F377D16823CF7F3F00C45E9C /* Base */ = {isa = PBXFileReference; lastKnownFileType = file.storyboard; name = Base; path = Base.lproj/Main.storyboard; sourceTree = "<group>"; };
		F377D16A23CF7F4100C45E9C /* Assets.xcassets */ = {isa = PBXFileReference; lastKnownFileType = folder.assetcatalog; path = Assets.xcassets; sourceTree = "<group>"; };
		F377D16D23CF7F4100C45E9C /* Base */ = {isa = PBXFileReference; lastKnownFileType = file.storyboard; name = Base; path = Base.lproj/LaunchScreen.storyboard; sourceTree = "<group>"; };
		F377D16F23CF7F4100C45E9C /* Info.plist */ = {isa = PBXFileReference; lastKnownFileType = text.plist.xml; path = Info.plist; sourceTree = "<group>"; };
		F377D17A23CF8FBD00C45E9C /* EndPointType.swift */ = {isa = PBXFileReference; lastKnownFileType = sourcecode.swift; path = EndPointType.swift; sourceTree = "<group>"; };
		F377D17C23CF903900C45E9C /* HTTPMethod.swift */ = {isa = PBXFileReference; lastKnownFileType = sourcecode.swift; path = HTTPMethod.swift; sourceTree = "<group>"; };
		F377D17E23CF913A00C45E9C /* HTTPTask.swift */ = {isa = PBXFileReference; lastKnownFileType = sourcecode.swift; path = HTTPTask.swift; sourceTree = "<group>"; };
		F377D18023CF92C000C45E9C /* ParameterEncoding.swift */ = {isa = PBXFileReference; lastKnownFileType = sourcecode.swift; path = ParameterEncoding.swift; sourceTree = "<group>"; };
		F377D18223CF953400C45E9C /* URLParameterEncoder.swift */ = {isa = PBXFileReference; lastKnownFileType = sourcecode.swift; path = URLParameterEncoder.swift; sourceTree = "<group>"; };
		F377D18423CF98CF00C45E9C /* JSONParameterEncoder.swift */ = {isa = PBXFileReference; lastKnownFileType = sourcecode.swift; path = JSONParameterEncoder.swift; sourceTree = "<group>"; };
		F377D18623CF9A1A00C45E9C /* NetworkRouter.swift */ = {isa = PBXFileReference; lastKnownFileType = sourcecode.swift; path = NetworkRouter.swift; sourceTree = "<group>"; };
		F377D18823CF9F2200C45E9C /* Router.swift */ = {isa = PBXFileReference; lastKnownFileType = sourcecode.swift; path = Router.swift; sourceTree = "<group>"; };
		F377D18A23CFAAB900C45E9C /* FruitEndPoint.swift */ = {isa = PBXFileReference; lastKnownFileType = sourcecode.swift; path = FruitEndPoint.swift; sourceTree = "<group>"; };
		F377D18C23CFAD3B00C45E9C /* NetworkManager.swift */ = {isa = PBXFileReference; lastKnownFileType = sourcecode.swift; path = NetworkManager.swift; sourceTree = "<group>"; };
		F377D18F23CFB93B00C45E9C /* Fruit.swift */ = {isa = PBXFileReference; lastKnownFileType = sourcecode.swift; path = Fruit.swift; sourceTree = "<group>"; };
/* End PBXFileReference section */

/* Begin PBXFrameworksBuildPhase section */
		F377D15B23CF7F3F00C45E9C /* Frameworks */ = {
			isa = PBXFrameworksBuildPhase;
			buildActionMask = 2147483647;
			files = (
			);
			runOnlyForDeploymentPostprocessing = 0;
		};
/* End PBXFrameworksBuildPhase section */

/* Begin PBXGroup section */
		F377D15523CF7F3F00C45E9C = {
			isa = PBXGroup;
			children = (
				F377D16023CF7F3F00C45E9C /* MyFruitsDiary */,
				F377D15F23CF7F3F00C45E9C /* Products */,
			);
			sourceTree = "<group>";
		};
		F377D15F23CF7F3F00C45E9C /* Products */ = {
			isa = PBXGroup;
			children = (
				F377D15E23CF7F3F00C45E9C /* MyFruitsDiary.app */,
			);
			name = Products;
			sourceTree = "<group>";
		};
		F377D16023CF7F3F00C45E9C /* MyFruitsDiary */ = {
			isa = PBXGroup;
			children = (
				F377D18E23CFB7CA00C45E9C /* Model */,
				F377D17523CF8F6600C45E9C /* Networking */,
				F377D16123CF7F3F00C45E9C /* AppDelegate.swift */,
				F377D16323CF7F3F00C45E9C /* SceneDelegate.swift */,
				F377D16523CF7F3F00C45E9C /* ViewController.swift */,
				F377D16723CF7F3F00C45E9C /* Main.storyboard */,
				F377D16A23CF7F4100C45E9C /* Assets.xcassets */,
				F377D16C23CF7F4100C45E9C /* LaunchScreen.storyboard */,
				F377D16F23CF7F4100C45E9C /* Info.plist */,
			);
			path = MyFruitsDiary;
			sourceTree = "<group>";
		};
		F377D17523CF8F6600C45E9C /* Networking */ = {
			isa = PBXGroup;
			children = (
				F377D17623CF8F7C00C45E9C /* EndPoint */,
				F377D17923CF8F9F00C45E9C /* Manager */,
				F377D17823CF8F9800C45E9C /* Service */,
				F377D17723CF8F8C00C45E9C /* Encoding */,
			);
			path = Networking;
			sourceTree = "<group>";
		};
		F377D17623CF8F7C00C45E9C /* EndPoint */ = {
			isa = PBXGroup;
			children = (
				F377D18A23CFAAB900C45E9C /* FruitEndPoint.swift */,
			);
			path = EndPoint;
			sourceTree = "<group>";
		};
		F377D17723CF8F8C00C45E9C /* Encoding */ = {
			isa = PBXGroup;
			children = (
				F377D18023CF92C000C45E9C /* ParameterEncoding.swift */,
				F377D18223CF953400C45E9C /* URLParameterEncoder.swift */,
				F377D18423CF98CF00C45E9C /* JSONParameterEncoder.swift */,
			);
			path = Encoding;
			sourceTree = "<group>";
		};
		F377D17823CF8F9800C45E9C /* Service */ = {
			isa = PBXGroup;
			children = (
				F377D17A23CF8FBD00C45E9C /* EndPointType.swift */,
				F377D17C23CF903900C45E9C /* HTTPMethod.swift */,
				F377D17E23CF913A00C45E9C /* HTTPTask.swift */,
				F377D18623CF9A1A00C45E9C /* NetworkRouter.swift */,
				F377D18823CF9F2200C45E9C /* Router.swift */,
			);
			path = Service;
			sourceTree = "<group>";
		};
		F377D17923CF8F9F00C45E9C /* Manager */ = {
			isa = PBXGroup;
			children = (
				F377D18C23CFAD3B00C45E9C /* NetworkManager.swift */,
			);
			path = Manager;
			sourceTree = "<group>";
		};
		F377D18E23CFB7CA00C45E9C /* Model */ = {
			isa = PBXGroup;
			children = (
				F377D18F23CFB93B00C45E9C /* Fruit.swift */,
			);
			path = Model;
			sourceTree = "<group>";
		};
/* End PBXGroup section */

/* Begin PBXNativeTarget section */
		F377D15D23CF7F3F00C45E9C /* MyFruitsDiary */ = {
			isa = PBXNativeTarget;
			buildConfigurationList = F377D17223CF7F4100C45E9C /* Build configuration list for PBXNativeTarget "MyFruitsDiary" */;
			buildPhases = (
				F377D15A23CF7F3F00C45E9C /* Sources */,
				F377D15B23CF7F3F00C45E9C /* Frameworks */,
				F377D15C23CF7F3F00C45E9C /* Resources */,
			);
			buildRules = (
			);
			dependencies = (
			);
			name = MyFruitsDiary;
			productName = MyFruitsDiary;
			productReference = F377D15E23CF7F3F00C45E9C /* MyFruitsDiary.app */;
			productType = "com.apple.product-type.application";
		};
/* End PBXNativeTarget section */

/* Begin PBXProject section */
		F377D15623CF7F3F00C45E9C /* Project object */ = {
			isa = PBXProject;
			attributes = {
				LastSwiftUpdateCheck = 1130;
				LastUpgradeCheck = 1130;
				ORGANIZATIONNAME = "Tomasz Idzi";
				TargetAttributes = {
					F377D15D23CF7F3F00C45E9C = {
						CreatedOnToolsVersion = 11.3;
					};
				};
			};
			buildConfigurationList = F377D15923CF7F3F00C45E9C /* Build configuration list for PBXProject "MyFruitsDiary" */;
			compatibilityVersion = "Xcode 9.3";
			developmentRegion = en;
			hasScannedForEncodings = 0;
			knownRegions = (
				en,
				Base,
			);
			mainGroup = F377D15523CF7F3F00C45E9C;
			productRefGroup = F377D15F23CF7F3F00C45E9C /* Products */;
			projectDirPath = "";
			projectRoot = "";
			targets = (
				F377D15D23CF7F3F00C45E9C /* MyFruitsDiary */,
			);
		};
/* End PBXProject section */

/* Begin PBXResourcesBuildPhase section */
		F377D15C23CF7F3F00C45E9C /* Resources */ = {
			isa = PBXResourcesBuildPhase;
			buildActionMask = 2147483647;
			files = (
				F377D16E23CF7F4100C45E9C /* LaunchScreen.storyboard in Resources */,
				F377D16B23CF7F4100C45E9C /* Assets.xcassets in Resources */,
				F377D16923CF7F3F00C45E9C /* Main.storyboard in Resources */,
			);
			runOnlyForDeploymentPostprocessing = 0;
		};
/* End PBXResourcesBuildPhase section */

/* Begin PBXSourcesBuildPhase section */
		F377D15A23CF7F3F00C45E9C /* Sources */ = {
			isa = PBXSourcesBuildPhase;
			buildActionMask = 2147483647;
			files = (
				F377D18923CF9F2200C45E9C /* Router.swift in Sources */,
				F377D18B23CFAAB900C45E9C /* FruitEndPoint.swift in Sources */,
				F377D18323CF953400C45E9C /* URLParameterEncoder.swift in Sources */,
				F377D18D23CFAD3B00C45E9C /* NetworkManager.swift in Sources */,
				F377D19023CFB93B00C45E9C /* Fruit.swift in Sources */,
				F377D18123CF92C000C45E9C /* ParameterEncoding.swift in Sources */,
				F377D17F23CF913A00C45E9C /* HTTPTask.swift in Sources */,
				F377D17B23CF8FBD00C45E9C /* EndPointType.swift in Sources */,
				F377D16623CF7F3F00C45E9C /* ViewController.swift in Sources */,
				F377D18523CF98CF00C45E9C /* JSONParameterEncoder.swift in Sources */,
				F377D16223CF7F3F00C45E9C /* AppDelegate.swift in Sources */,
				F377D18723CF9A1A00C45E9C /* NetworkRouter.swift in Sources */,
				F377D17D23CF903900C45E9C /* HTTPMethod.swift in Sources */,
				F377D16423CF7F3F00C45E9C /* SceneDelegate.swift in Sources */,
			);
			runOnlyForDeploymentPostprocessing = 0;
		};
/* End PBXSourcesBuildPhase section */

/* Begin PBXVariantGroup section */
		F377D16723CF7F3F00C45E9C /* Main.storyboard */ = {
			isa = PBXVariantGroup;
			children = (
				F377D16823CF7F3F00C45E9C /* Base */,
			);
			name = Main.storyboard;
			sourceTree = "<group>";
		};
		F377D16C23CF7F4100C45E9C /* LaunchScreen.storyboard */ = {
			isa = PBXVariantGroup;
			children = (
				F377D16D23CF7F4100C45E9C /* Base */,
			);
			name = LaunchScreen.storyboard;
			sourceTree = "<group>";
		};
/* End PBXVariantGroup section */

/* Begin XCBuildConfiguration section */
		F377D17023CF7F4100C45E9C /* Debug */ = {
			isa = XCBuildConfiguration;
			buildSettings = {
				ALWAYS_SEARCH_USER_PATHS = NO;
				CLANG_ANALYZER_NONNULL = YES;
				CLANG_ANALYZER_NUMBER_OBJECT_CONVERSION = YES_AGGRESSIVE;
				CLANG_CXX_LANGUAGE_STANDARD = "gnu++14";
				CLANG_CXX_LIBRARY = "libc++";
				CLANG_ENABLE_MODULES = YES;
				CLANG_ENABLE_OBJC_ARC = YES;
				CLANG_ENABLE_OBJC_WEAK = YES;
				CLANG_WARN_BLOCK_CAPTURE_AUTORELEASING = YES;
				CLANG_WARN_BOOL_CONVERSION = YES;
				CLANG_WARN_COMMA = YES;
				CLANG_WARN_CONSTANT_CONVERSION = YES;
				CLANG_WARN_DEPRECATED_OBJC_IMPLEMENTATIONS = YES;
				CLANG_WARN_DIRECT_OBJC_ISA_USAGE = YES_ERROR;
				CLANG_WARN_DOCUMENTATION_COMMENTS = YES;
				CLANG_WARN_EMPTY_BODY = YES;
				CLANG_WARN_ENUM_CONVERSION = YES;
				CLANG_WARN_INFINITE_RECURSION = YES;
				CLANG_WARN_INT_CONVERSION = YES;
				CLANG_WARN_NON_LITERAL_NULL_CONVERSION = YES;
				CLANG_WARN_OBJC_IMPLICIT_RETAIN_SELF = YES;
				CLANG_WARN_OBJC_LITERAL_CONVERSION = YES;
				CLANG_WARN_OBJC_ROOT_CLASS = YES_ERROR;
				CLANG_WARN_RANGE_LOOP_ANALYSIS = YES;
				CLANG_WARN_STRICT_PROTOTYPES = YES;
				CLANG_WARN_SUSPICIOUS_MOVE = YES;
				CLANG_WARN_UNGUARDED_AVAILABILITY = YES_AGGRESSIVE;
				CLANG_WARN_UNREACHABLE_CODE = YES;
				CLANG_WARN__DUPLICATE_METHOD_MATCH = YES;
				COPY_PHASE_STRIP = NO;
				DEBUG_INFORMATION_FORMAT = dwarf;
				ENABLE_STRICT_OBJC_MSGSEND = YES;
				ENABLE_TESTABILITY = YES;
				GCC_C_LANGUAGE_STANDARD = gnu11;
				GCC_DYNAMIC_NO_PIC = NO;
				GCC_NO_COMMON_BLOCKS = YES;
				GCC_OPTIMIZATION_LEVEL = 0;
				GCC_PREPROCESSOR_DEFINITIONS = (
					"DEBUG=1",
					"$(inherited)",
				);
				GCC_WARN_64_TO_32_BIT_CONVERSION = YES;
				GCC_WARN_ABOUT_RETURN_TYPE = YES_ERROR;
				GCC_WARN_UNDECLARED_SELECTOR = YES;
				GCC_WARN_UNINITIALIZED_AUTOS = YES_AGGRESSIVE;
				GCC_WARN_UNUSED_FUNCTION = YES;
				GCC_WARN_UNUSED_VARIABLE = YES;
				IPHONEOS_DEPLOYMENT_TARGET = 13.2;
				MTL_ENABLE_DEBUG_INFO = INCLUDE_SOURCE;
				MTL_FAST_MATH = YES;
				ONLY_ACTIVE_ARCH = YES;
				SDKROOT = iphoneos;
				SWIFT_ACTIVE_COMPILATION_CONDITIONS = DEBUG;
				SWIFT_OPTIMIZATION_LEVEL = "-Onone";
			};
			name = Debug;
		};
		F377D17123CF7F4100C45E9C /* Release */ = {
			isa = XCBuildConfiguration;
			buildSettings = {
				ALWAYS_SEARCH_USER_PATHS = NO;
				CLANG_ANALYZER_NONNULL = YES;
				CLANG_ANALYZER_NUMBER_OBJECT_CONVERSION = YES_AGGRESSIVE;
				CLANG_CXX_LANGUAGE_STANDARD = "gnu++14";
				CLANG_CXX_LIBRARY = "libc++";
				CLANG_ENABLE_MODULES = YES;
				CLANG_ENABLE_OBJC_ARC = YES;
				CLANG_ENABLE_OBJC_WEAK = YES;
				CLANG_WARN_BLOCK_CAPTURE_AUTORELEASING = YES;
				CLANG_WARN_BOOL_CONVERSION = YES;
				CLANG_WARN_COMMA = YES;
				CLANG_WARN_CONSTANT_CONVERSION = YES;
				CLANG_WARN_DEPRECATED_OBJC_IMPLEMENTATIONS = YES;
				CLANG_WARN_DIRECT_OBJC_ISA_USAGE = YES_ERROR;
				CLANG_WARN_DOCUMENTATION_COMMENTS = YES;
				CLANG_WARN_EMPTY_BODY = YES;
				CLANG_WARN_ENUM_CONVERSION = YES;
				CLANG_WARN_INFINITE_RECURSION = YES;
				CLANG_WARN_INT_CONVERSION = YES;
				CLANG_WARN_NON_LITERAL_NULL_CONVERSION = YES;
				CLANG_WARN_OBJC_IMPLICIT_RETAIN_SELF = YES;
				CLANG_WARN_OBJC_LITERAL_CONVERSION = YES;
				CLANG_WARN_OBJC_ROOT_CLASS = YES_ERROR;
				CLANG_WARN_RANGE_LOOP_ANALYSIS = YES;
				CLANG_WARN_STRICT_PROTOTYPES = YES;
				CLANG_WARN_SUSPICIOUS_MOVE = YES;
				CLANG_WARN_UNGUARDED_AVAILABILITY = YES_AGGRESSIVE;
				CLANG_WARN_UNREACHABLE_CODE = YES;
				CLANG_WARN__DUPLICATE_METHOD_MATCH = YES;
				COPY_PHASE_STRIP = NO;
				DEBUG_INFORMATION_FORMAT = "dwarf-with-dsym";
				ENABLE_NS_ASSERTIONS = NO;
				ENABLE_STRICT_OBJC_MSGSEND = YES;
				GCC_C_LANGUAGE_STANDARD = gnu11;
				GCC_NO_COMMON_BLOCKS = YES;
				GCC_WARN_64_TO_32_BIT_CONVERSION = YES;
				GCC_WARN_ABOUT_RETURN_TYPE = YES_ERROR;
				GCC_WARN_UNDECLARED_SELECTOR = YES;
				GCC_WARN_UNINITIALIZED_AUTOS = YES_AGGRESSIVE;
				GCC_WARN_UNUSED_FUNCTION = YES;
				GCC_WARN_UNUSED_VARIABLE = YES;
				IPHONEOS_DEPLOYMENT_TARGET = 13.2;
				MTL_ENABLE_DEBUG_INFO = NO;
				MTL_FAST_MATH = YES;
				SDKROOT = iphoneos;
				SWIFT_COMPILATION_MODE = wholemodule;
				SWIFT_OPTIMIZATION_LEVEL = "-O";
				VALIDATE_PRODUCT = YES;
			};
			name = Release;
		};
		F377D17323CF7F4100C45E9C /* Debug */ = {
			isa = XCBuildConfiguration;
			buildSettings = {
				ASSETCATALOG_COMPILER_APPICON_NAME = AppIcon;
				CODE_SIGN_STYLE = Automatic;
				INFOPLIST_FILE = MyFruitsDiary/Info.plist;
				LD_RUNPATH_SEARCH_PATHS = (
					"$(inherited)",
					"@executable_path/Frameworks",
				);
				PRODUCT_BUNDLE_IDENTIFIER = CodeMeApp.MyFruitsDiary;
				PRODUCT_NAME = "$(TARGET_NAME)";
				SWIFT_VERSION = 5.0;
				TARGETED_DEVICE_FAMILY = "1,2";
			};
			name = Debug;
		};
		F377D17423CF7F4100C45E9C /* Release */ = {
			isa = XCBuildConfiguration;
			buildSettings = {
				ASSETCATALOG_COMPILER_APPICON_NAME = AppIcon;
				CODE_SIGN_STYLE = Automatic;
				INFOPLIST_FILE = MyFruitsDiary/Info.plist;
				LD_RUNPATH_SEARCH_PATHS = (
					"$(inherited)",
					"@executable_path/Frameworks",
				);
				PRODUCT_BUNDLE_IDENTIFIER = CodeMeApp.MyFruitsDiary;
				PRODUCT_NAME = "$(TARGET_NAME)";
				SWIFT_VERSION = 5.0;
				TARGETED_DEVICE_FAMILY = "1,2";
			};
			name = Release;
		};
/* End XCBuildConfiguration section */

/* Begin XCConfigurationList section */
		F377D15923CF7F3F00C45E9C /* Build configuration list for PBXProject "MyFruitsDiary" */ = {
			isa = XCConfigurationList;
			buildConfigurations = (
				F377D17023CF7F4100C45E9C /* Debug */,
				F377D17123CF7F4100C45E9C /* Release */,
			);
			defaultConfigurationIsVisible = 0;
			defaultConfigurationName = Release;
		};
		F377D17223CF7F4100C45E9C /* Build configuration list for PBXNativeTarget "MyFruitsDiary" */ = {
			isa = XCConfigurationList;
			buildConfigurations = (
				F377D17323CF7F4100C45E9C /* Debug */,
				F377D17423CF7F4100C45E9C /* Release */,
			);
			defaultConfigurationIsVisible = 0;
			defaultConfigurationName = Release;
		};
/* End XCConfigurationList section */
	};
	rootObject = F377D15623CF7F3F00C45E9C /* Project object */;
}
